// !$*UTF8*$!
{
	archiveVersion = 1;
	classes = {
	};
	objectVersion = 51;
	objects = {

/* Begin PBXBuildFile section */
		DC777134116CE347D38393F0 /* Pods_Transform.framework in Frameworks */ = {isa = PBXBuildFile; fileRef = ED50CB38B07E52C01FF7E8EC /* Pods_Transform.framework */; };
		DDB9E59E2316277700C9DC77 /* AppDelegate.swift in Sources */ = {isa = PBXBuildFile; fileRef = DDB9E59D2316277700C9DC77 /* AppDelegate.swift */; };
		DDB9E5A52316277900C9DC77 /* Assets.xcassets in Resources */ = {isa = PBXBuildFile; fileRef = DDB9E5A42316277900C9DC77 /* Assets.xcassets */; };
		DDB9E5A82316277900C9DC77 /* LaunchScreen.storyboard in Resources */ = {isa = PBXBuildFile; fileRef = DDB9E5A62316277900C9DC77 /* LaunchScreen.storyboard */; };
		DDB9E5B023162D9900C9DC77 /* GoogleService-Info.plist in Resources */ = {isa = PBXBuildFile; fileRef = DDB9E5AF23162D9900C9DC77 /* GoogleService-Info.plist */; };
		DDB9E5B4231640AE00C9DC77 /* HomeViewController.swift in Sources */ = {isa = PBXBuildFile; fileRef = DDB9E5B3231640AE00C9DC77 /* HomeViewController.swift */; };
		DDB9E5B723166D9500C9DC77 /* Main.storyboard in Resources */ = {isa = PBXBuildFile; fileRef = DDB9E5B523166D9500C9DC77 /* Main.storyboard */; };
		DDB9E5B92317F06B00C9DC77 /* AddViewController.swift in Sources */ = {isa = PBXBuildFile; fileRef = DDB9E5B82317F06B00C9DC77 /* AddViewController.swift */; };
		DDB9E5BB2318BBDE00C9DC77 /* File.swift in Sources */ = {isa = PBXBuildFile; fileRef = DDB9E5BA2318BBDE00C9DC77 /* File.swift */; };
		DDB9E5BD2318D2DA00C9DC77 /* Message.swift in Sources */ = {isa = PBXBuildFile; fileRef = DDB9E5BC2318D2DA00C9DC77 /* Message.swift */; };
		DDB9E5BF231CB2A800C9DC77 /* HubViewController.swift in Sources */ = {isa = PBXBuildFile; fileRef = DDB9E5BE231CB2A800C9DC77 /* HubViewController.swift */; };
		DDB9E5C1231CB60800C9DC77 /* ThingSideViewController.swift in Sources */ = {isa = PBXBuildFile; fileRef = DDB9E5C0231CB60800C9DC77 /* ThingSideViewController.swift */; };
		DDB9E5C3231CB65D00C9DC77 /* YourSideViewController.swift in Sources */ = {isa = PBXBuildFile; fileRef = DDB9E5C2231CB65D00C9DC77 /* YourSideViewController.swift */; };
/* End PBXBuildFile section */

/* Begin PBXFileReference section */
		182A256791C0882CE94BBEEF /* Pods-Transform.debug.xcconfig */ = {isa = PBXFileReference; includeInIndex = 1; lastKnownFileType = text.xcconfig; name = "Pods-Transform.debug.xcconfig"; path = "Target Support Files/Pods-Transform/Pods-Transform.debug.xcconfig"; sourceTree = "<group>"; };
		DDB9E59A2316277700C9DC77 /* Transform.app */ = {isa = PBXFileReference; explicitFileType = wrapper.application; includeInIndex = 0; path = Transform.app; sourceTree = BUILT_PRODUCTS_DIR; };
		DDB9E59D2316277700C9DC77 /* AppDelegate.swift */ = {isa = PBXFileReference; lastKnownFileType = sourcecode.swift; path = AppDelegate.swift; sourceTree = "<group>"; };
		DDB9E5A42316277900C9DC77 /* Assets.xcassets */ = {isa = PBXFileReference; lastKnownFileType = folder.assetcatalog; path = Assets.xcassets; sourceTree = "<group>"; };
		DDB9E5A72316277900C9DC77 /* Base */ = {isa = PBXFileReference; lastKnownFileType = file.storyboard; name = Base; path = Base.lproj/LaunchScreen.storyboard; sourceTree = "<group>"; };
		DDB9E5A92316277900C9DC77 /* Info.plist */ = {isa = PBXFileReference; lastKnownFileType = text.plist.xml; path = Info.plist; sourceTree = "<group>"; };
		DDB9E5AF23162D9900C9DC77 /* GoogleService-Info.plist */ = {isa = PBXFileReference; fileEncoding = 4; lastKnownFileType = text.plist.xml; path = "GoogleService-Info.plist"; sourceTree = "<group>"; };
		DDB9E5B3231640AE00C9DC77 /* HomeViewController.swift */ = {isa = PBXFileReference; lastKnownFileType = sourcecode.swift; path = HomeViewController.swift; sourceTree = "<group>"; };
		DDB9E5B623166D9500C9DC77 /* Base */ = {isa = PBXFileReference; lastKnownFileType = file.storyboard; name = Base; path = Transform/Base.lproj/Main.storyboard; sourceTree = "<group>"; };
		DDB9E5B82317F06B00C9DC77 /* AddViewController.swift */ = {isa = PBXFileReference; lastKnownFileType = sourcecode.swift; path = AddViewController.swift; sourceTree = "<group>"; };
		DDB9E5BA2318BBDE00C9DC77 /* File.swift */ = {isa = PBXFileReference; lastKnownFileType = sourcecode.swift; path = File.swift; sourceTree = "<group>"; };
		DDB9E5BC2318D2DA00C9DC77 /* Message.swift */ = {isa = PBXFileReference; lastKnownFileType = sourcecode.swift; path = Message.swift; sourceTree = "<group>"; };
		DDB9E5BE231CB2A800C9DC77 /* HubViewController.swift */ = {isa = PBXFileReference; lastKnownFileType = sourcecode.swift; path = HubViewController.swift; sourceTree = "<group>"; };
		DDB9E5C0231CB60800C9DC77 /* ThingSideViewController.swift */ = {isa = PBXFileReference; lastKnownFileType = sourcecode.swift; path = ThingSideViewController.swift; sourceTree = "<group>"; };
		DDB9E5C2231CB65D00C9DC77 /* YourSideViewController.swift */ = {isa = PBXFileReference; lastKnownFileType = sourcecode.swift; path = YourSideViewController.swift; sourceTree = "<group>"; };
		ED50CB38B07E52C01FF7E8EC /* Pods_Transform.framework */ = {isa = PBXFileReference; explicitFileType = wrapper.framework; includeInIndex = 0; path = Pods_Transform.framework; sourceTree = BUILT_PRODUCTS_DIR; };
		F168BC74C59E834474EC1E69 /* Pods-Transform.release.xcconfig */ = {isa = PBXFileReference; includeInIndex = 1; lastKnownFileType = text.xcconfig; name = "Pods-Transform.release.xcconfig"; path = "Target Support Files/Pods-Transform/Pods-Transform.release.xcconfig"; sourceTree = "<group>"; };
/* End PBXFileReference section */

/* Begin PBXFrameworksBuildPhase section */
		DDB9E5972316277700C9DC77 /* Frameworks */ = {
			isa = PBXFrameworksBuildPhase;
			buildActionMask = 2147483647;
			files = (
				DC777134116CE347D38393F0 /* Pods_Transform.framework in Frameworks */,
			);
			runOnlyForDeploymentPostprocessing = 0;
		};
/* End PBXFrameworksBuildPhase section */

/* Begin PBXGroup section */
		092751B33744290525C144F6 /* Frameworks */ = {
			isa = PBXGroup;
			children = (
				ED50CB38B07E52C01FF7E8EC /* Pods_Transform.framework */,
			);
			name = Frameworks;
			sourceTree = "<group>";
		};
		C7BC1BAB933374675EBD4A78 /* Pods */ = {
			isa = PBXGroup;
			children = (
				182A256791C0882CE94BBEEF /* Pods-Transform.debug.xcconfig */,
				F168BC74C59E834474EC1E69 /* Pods-Transform.release.xcconfig */,
			);
			path = Pods;
			sourceTree = "<group>";
		};
		DDB9E5912316277700C9DC77 = {
			isa = PBXGroup;
			children = (
				DDB9E59C2316277700C9DC77 /* Transform */,
				DDB9E59B2316277700C9DC77 /* Products */,
				C7BC1BAB933374675EBD4A78 /* Pods */,
				092751B33744290525C144F6 /* Frameworks */,
			);
			sourceTree = "<group>";
		};
		DDB9E59B2316277700C9DC77 /* Products */ = {
			isa = PBXGroup;
			children = (
				DDB9E59A2316277700C9DC77 /* Transform.app */,
			);
			name = Products;
			sourceTree = "<group>";
		};
		DDB9E59C2316277700C9DC77 /* Transform */ = {
			isa = PBXGroup;
			children = (
				DDB9E5B22316401F00C9DC77 /* Controllers */,
				DDB9E5B12316400400C9DC77 /* Objects */,
				DDB9E59D2316277700C9DC77 /* AppDelegate.swift */,
				DDB9E5A42316277900C9DC77 /* Assets.xcassets */,
				DDB9E5B523166D9500C9DC77 /* Main.storyboard */,
				DDB9E5A62316277900C9DC77 /* LaunchScreen.storyboard */,
				DDB9E5A92316277900C9DC77 /* Info.plist */,
				DDB9E5AF23162D9900C9DC77 /* GoogleService-Info.plist */,
			);
			path = Transform;
			sourceTree = "<group>";
		};
		DDB9E5B12316400400C9DC77 /* Objects */ = {
			isa = PBXGroup;
			children = (
				DDB9E5BA2318BBDE00C9DC77 /* File.swift */,
				DDB9E5BC2318D2DA00C9DC77 /* Message.swift */,
			);
			path = Objects;
			sourceTree = "<group>";
		};
		DDB9E5B22316401F00C9DC77 /* Controllers */ = {
			isa = PBXGroup;
			children = (
				DDB9E5B3231640AE00C9DC77 /* HomeViewController.swift */,
				DDB9E5B82317F06B00C9DC77 /* AddViewController.swift */,
				DDB9E5BE231CB2A800C9DC77 /* HubViewController.swift */,
				DDB9E5C0231CB60800C9DC77 /* ThingSideViewController.swift */,
				DDB9E5C2231CB65D00C9DC77 /* YourSideViewController.swift */,
			);
			path = Controllers;
			sourceTree = "<group>";
		};
/* End PBXGroup section */

/* Begin PBXNativeTarget section */
		DDB9E5992316277700C9DC77 /* Transform */ = {
			isa = PBXNativeTarget;
			buildConfigurationList = DDB9E5AC2316277900C9DC77 /* Build configuration list for PBXNativeTarget "Transform" */;
			buildPhases = (
				6A81376D7EAD17D83069AB57 /* [CP] Check Pods Manifest.lock */,
				DDB9E5962316277700C9DC77 /* Sources */,
				DDB9E5972316277700C9DC77 /* Frameworks */,
				DDB9E5982316277700C9DC77 /* Resources */,
				ABEC8372DB50863197FA15D6 /* [CP] Embed Pods Frameworks */,
			);
			buildRules = (
			);
			dependencies = (
			);
			name = Transform;
			productName = Transform;
			productReference = DDB9E59A2316277700C9DC77 /* Transform.app */;
			productType = "com.apple.product-type.application";
		};
/* End PBXNativeTarget section */

/* Begin PBXProject section */
		DDB9E5922316277700C9DC77 /* Project object */ = {
			isa = PBXProject;
			attributes = {
				LastSwiftUpdateCheck = 1030;
				LastUpgradeCheck = 1030;
				ORGANIZATIONNAME = "高橋達朗";
				TargetAttributes = {
					DDB9E5992316277700C9DC77 = {
						CreatedOnToolsVersion = 10.3;
					};
				};
			};
			buildConfigurationList = DDB9E5952316277700C9DC77 /* Build configuration list for PBXProject "Transform" */;
			compatibilityVersion = "Xcode 9.3";
			developmentRegion = en;
			hasScannedForEncodings = 0;
			knownRegions = (
				en,
				Base,
			);
			mainGroup = DDB9E5912316277700C9DC77;
			productRefGroup = DDB9E59B2316277700C9DC77 /* Products */;
			projectDirPath = "";
			projectRoot = "";
			targets = (
				DDB9E5992316277700C9DC77 /* Transform */,
			);
		};
/* End PBXProject section */

/* Begin PBXResourcesBuildPhase section */
		DDB9E5982316277700C9DC77 /* Resources */ = {
			isa = PBXResourcesBuildPhase;
			buildActionMask = 2147483647;
			files = (
				DDB9E5B023162D9900C9DC77 /* GoogleService-Info.plist in Resources */,
				DDB9E5A82316277900C9DC77 /* LaunchScreen.storyboard in Resources */,
				DDB9E5A52316277900C9DC77 /* Assets.xcassets in Resources */,
				DDB9E5B723166D9500C9DC77 /* Main.storyboard in Resources */,
			);
			runOnlyForDeploymentPostprocessing = 0;
		};
/* End PBXResourcesBuildPhase section */

/* Begin PBXShellScriptBuildPhase section */
		6A81376D7EAD17D83069AB57 /* [CP] Check Pods Manifest.lock */ = {
			isa = PBXShellScriptBuildPhase;
			buildActionMask = 2147483647;
			files = (
			);
			inputFileListPaths = (
			);
			inputPaths = (
				"${PODS_PODFILE_DIR_PATH}/Podfile.lock",
				"${PODS_ROOT}/Manifest.lock",
			);
			name = "[CP] Check Pods Manifest.lock";
			outputFileListPaths = (
			);
			outputPaths = (
				"$(DERIVED_FILE_DIR)/Pods-Transform-checkManifestLockResult.txt",
			);
			runOnlyForDeploymentPostprocessing = 0;
			shellPath = /bin/sh;
			shellScript = "diff \"${PODS_PODFILE_DIR_PATH}/Podfile.lock\" \"${PODS_ROOT}/Manifest.lock\" > /dev/null\nif [ $? != 0 ] ; then\n    # print error to STDERR\n    echo \"error: The sandbox is not in sync with the Podfile.lock. Run 'pod install' or update your CocoaPods installation.\" >&2\n    exit 1\nfi\n# This output is used by Xcode 'outputs' to avoid re-running this script phase.\necho \"SUCCESS\" > \"${SCRIPT_OUTPUT_FILE_0}\"\n";
			showEnvVarsInLog = 0;
		};
		ABEC8372DB50863197FA15D6 /* [CP] Embed Pods Frameworks */ = {
			isa = PBXShellScriptBuildPhase;
			buildActionMask = 2147483647;
			files = (
			);
			inputFileListPaths = (
				"${PODS_ROOT}/Target Support Files/Pods-Transform/Pods-Transform-frameworks-${CONFIGURATION}-input-files.xcfilelist",
			);
			name = "[CP] Embed Pods Frameworks";
			outputFileListPaths = (
				"${PODS_ROOT}/Target Support Files/Pods-Transform/Pods-Transform-frameworks-${CONFIGURATION}-output-files.xcfilelist",
			);
			runOnlyForDeploymentPostprocessing = 0;
			shellPath = /bin/sh;
			shellScript = "\"${PODS_ROOT}/Target Support Files/Pods-Transform/Pods-Transform-frameworks.sh\"\n";
			showEnvVarsInLog = 0;
		};
/* End PBXShellScriptBuildPhase section */

/* Begin PBXSourcesBuildPhase section */
		DDB9E5962316277700C9DC77 /* Sources */ = {
			isa = PBXSourcesBuildPhase;
			buildActionMask = 2147483647;
			files = (
				DDB9E59E2316277700C9DC77 /* AppDelegate.swift in Sources */,
				DDB9E5C1231CB60800C9DC77 /* ThingSideViewController.swift in Sources */,
				DDB9E5C3231CB65D00C9DC77 /* YourSideViewController.swift in Sources */,
				DDB9E5BB2318BBDE00C9DC77 /* File.swift in Sources */,
				DDB9E5B4231640AE00C9DC77 /* HomeViewController.swift in Sources */,
				DDB9E5B92317F06B00C9DC77 /* AddViewController.swift in Sources */,
				DDB9E5BF231CB2A800C9DC77 /* HubViewController.swift in Sources */,
				DDB9E5BD2318D2DA00C9DC77 /* Message.swift in Sources */,
			);
			runOnlyForDeploymentPostprocessing = 0;
		};
/* End PBXSourcesBuildPhase section */

/* Begin PBXVariantGroup section */
		DDB9E5A62316277900C9DC77 /* LaunchScreen.storyboard */ = {
			isa = PBXVariantGroup;
			children = (
				DDB9E5A72316277900C9DC77 /* Base */,
			);
			name = LaunchScreen.storyboard;
			sourceTree = "<group>";
		};
		DDB9E5B523166D9500C9DC77 /* Main.storyboard */ = {
			isa = PBXVariantGroup;
			children = (
				DDB9E5B623166D9500C9DC77 /* Base */,
			);
			name = Main.storyboard;
			sourceTree = "<group>";
		};
/* End PBXVariantGroup section */

/* Begin XCBuildConfiguration section */
		DDB9E5AA2316277900C9DC77 /* Debug */ = {
			isa = XCBuildConfiguration;
			buildSettings = {
				ALWAYS_SEARCH_USER_PATHS = NO;
				CLANG_ANALYZER_NONNULL = YES;
				CLANG_ANALYZER_NUMBER_OBJECT_CONVERSION = YES_AGGRESSIVE;
				CLANG_CXX_LANGUAGE_STANDARD = "gnu++14";
				CLANG_CXX_LIBRARY = "libc++";
				CLANG_ENABLE_MODULES = YES;
				CLANG_ENABLE_OBJC_ARC = YES;
				CLANG_ENABLE_OBJC_WEAK = YES;
				CLANG_WARN_BLOCK_CAPTURE_AUTORELEASING = YES;
				CLANG_WARN_BOOL_CONVERSION = YES;
				CLANG_WARN_COMMA = YES;
				CLANG_WARN_CONSTANT_CONVERSION = YES;
				CLANG_WARN_DEPRECATED_OBJC_IMPLEMENTATIONS = YES;
				CLANG_WARN_DIRECT_OBJC_ISA_USAGE = YES_ERROR;
				CLANG_WARN_DOCUMENTATION_COMMENTS = YES;
				CLANG_WARN_EMPTY_BODY = YES;
				CLANG_WARN_ENUM_CONVERSION = YES;
				CLANG_WARN_INFINITE_RECURSION = YES;
				CLANG_WARN_INT_CONVERSION = YES;
				CLANG_WARN_NON_LITERAL_NULL_CONVERSION = YES;
				CLANG_WARN_OBJC_IMPLICIT_RETAIN_SELF = YES;
				CLANG_WARN_OBJC_LITERAL_CONVERSION = YES;
				CLANG_WARN_OBJC_ROOT_CLASS = YES_ERROR;
				CLANG_WARN_RANGE_LOOP_ANALYSIS = YES;
				CLANG_WARN_STRICT_PROTOTYPES = YES;
				CLANG_WARN_SUSPICIOUS_MOVE = YES;
				CLANG_WARN_UNGUARDED_AVAILABILITY = YES_AGGRESSIVE;
				CLANG_WARN_UNREACHABLE_CODE = YES;
				CLANG_WARN__DUPLICATE_METHOD_MATCH = YES;
				CODE_SIGN_IDENTITY = "iPhone Developer";
				COPY_PHASE_STRIP = NO;
				DEBUG_INFORMATION_FORMAT = dwarf;
				ENABLE_STRICT_OBJC_MSGSEND = YES;
				ENABLE_TESTABILITY = YES;
				GCC_C_LANGUAGE_STANDARD = gnu11;
				GCC_DYNAMIC_NO_PIC = NO;
				GCC_NO_COMMON_BLOCKS = YES;
				GCC_OPTIMIZATION_LEVEL = 0;
				GCC_PREPROCESSOR_DEFINITIONS = (
					"DEBUG=1",
					"$(inherited)",
				);
				GCC_WARN_64_TO_32_BIT_CONVERSION = YES;
				GCC_WARN_ABOUT_RETURN_TYPE = YES_ERROR;
				GCC_WARN_UNDECLARED_SELECTOR = YES;
				GCC_WARN_UNINITIALIZED_AUTOS = YES_AGGRESSIVE;
				GCC_WARN_UNUSED_FUNCTION = YES;
				GCC_WARN_UNUSED_VARIABLE = YES;
				IPHONEOS_DEPLOYMENT_TARGET = 12.4;
				MTL_ENABLE_DEBUG_INFO = INCLUDE_SOURCE;
				MTL_FAST_MATH = YES;
				ONLY_ACTIVE_ARCH = YES;
				SDKROOT = iphoneos;
				SWIFT_ACTIVE_COMPILATION_CONDITIONS = DEBUG;
				SWIFT_OPTIMIZATION_LEVEL = "-Onone";
			};
			name = Debug;
		};
		DDB9E5AB2316277900C9DC77 /* Release */ = {
			isa = XCBuildConfiguration;
			buildSettings = {
				ALWAYS_SEARCH_USER_PATHS = NO;
				CLANG_ANALYZER_NONNULL = YES;
				CLANG_ANALYZER_NUMBER_OBJECT_CONVERSION = YES_AGGRESSIVE;
				CLANG_CXX_LANGUAGE_STANDARD = "gnu++14";
				CLANG_CXX_LIBRARY = "libc++";
				CLANG_ENABLE_MODULES = YES;
				CLANG_ENABLE_OBJC_ARC = YES;
				CLANG_ENABLE_OBJC_WEAK = YES;
				CLANG_WARN_BLOCK_CAPTURE_AUTORELEASING = YES;
				CLANG_WARN_BOOL_CONVERSION = YES;
				CLANG_WARN_COMMA = YES;
				CLANG_WARN_CONSTANT_CONVERSION = YES;
				CLANG_WARN_DEPRECATED_OBJC_IMPLEMENTATIONS = YES;
				CLANG_WARN_DIRECT_OBJC_ISA_USAGE = YES_ERROR;
				CLANG_WARN_DOCUMENTATION_COMMENTS = YES;
				CLANG_WARN_EMPTY_BODY = YES;
				CLANG_WARN_ENUM_CONVERSION = YES;
				CLANG_WARN_INFINITE_RECURSION = YES;
				CLANG_WARN_INT_CONVERSION = YES;
				CLANG_WARN_NON_LITERAL_NULL_CONVERSION = YES;
				CLANG_WARN_OBJC_IMPLICIT_RETAIN_SELF = YES;
				CLANG_WARN_OBJC_LITERAL_CONVERSION = YES;
				CLANG_WARN_OBJC_ROOT_CLASS = YES_ERROR;
				CLANG_WARN_RANGE_LOOP_ANALYSIS = YES;
				CLANG_WARN_STRICT_PROTOTYPES = YES;
				CLANG_WARN_SUSPICIOUS_MOVE = YES;
				CLANG_WARN_UNGUARDED_AVAILABILITY = YES_AGGRESSIVE;
				CLANG_WARN_UNREACHABLE_CODE = YES;
				CLANG_WARN__DUPLICATE_METHOD_MATCH = YES;
				CODE_SIGN_IDENTITY = "iPhone Developer";
				COPY_PHASE_STRIP = NO;
				DEBUG_INFORMATION_FORMAT = "dwarf-with-dsym";
				ENABLE_NS_ASSERTIONS = NO;
				ENABLE_STRICT_OBJC_MSGSEND = YES;
				GCC_C_LANGUAGE_STANDARD = gnu11;
				GCC_NO_COMMON_BLOCKS = YES;
				GCC_WARN_64_TO_32_BIT_CONVERSION = YES;
				GCC_WARN_ABOUT_RETURN_TYPE = YES_ERROR;
				GCC_WARN_UNDECLARED_SELECTOR = YES;
				GCC_WARN_UNINITIALIZED_AUTOS = YES_AGGRESSIVE;
				GCC_WARN_UNUSED_FUNCTION = YES;
				GCC_WARN_UNUSED_VARIABLE = YES;
				IPHONEOS_DEPLOYMENT_TARGET = 12.4;
				MTL_ENABLE_DEBUG_INFO = NO;
				MTL_FAST_MATH = YES;
				SDKROOT = iphoneos;
				SWIFT_COMPILATION_MODE = wholemodule;
				SWIFT_OPTIMIZATION_LEVEL = "-O";
				VALIDATE_PRODUCT = YES;
			};
			name = Release;
		};
		DDB9E5AD2316277900C9DC77 /* Debug */ = {
			isa = XCBuildConfiguration;
			baseConfigurationReference = 182A256791C0882CE94BBEEF /* Pods-Transform.debug.xcconfig */;
			buildSettings = {
				ASSETCATALOG_COMPILER_APPICON_NAME = AppIcon;
				CODE_SIGN_STYLE = Automatic;
				DEVELOPMENT_TEAM = S2HF479Q3V;
				INFOPLIST_FILE = Transform/Info.plist;
				LD_RUNPATH_SEARCH_PATHS = (
					"$(inherited)",
					"@executable_path/Frameworks",
				);
				PRODUCT_BUNDLE_IDENTIFIER = com.example.Transform;
				PRODUCT_NAME = "$(TARGET_NAME)";
				SWIFT_VERSION = 5.0;
				TARGETED_DEVICE_FAMILY = "1,2";
			};
			name = Debug;
		};
		DDB9E5AE2316277900C9DC77 /* Release */ = {
			isa = XCBuildConfiguration;
			baseConfigurationReference = F168BC74C59E834474EC1E69 /* Pods-Transform.release.xcconfig */;
			buildSettings = {
				ASSETCATALOG_COMPILER_APPICON_NAME = AppIcon;
				CODE_SIGN_STYLE = Automatic;
				DEVELOPMENT_TEAM = S2HF479Q3V;
				INFOPLIST_FILE = Transform/Info.plist;
				LD_RUNPATH_SEARCH_PATHS = (
					"$(inherited)",
					"@executable_path/Frameworks",
				);
				PRODUCT_BUNDLE_IDENTIFIER = com.example.Transform;
				PRODUCT_NAME = "$(TARGET_NAME)";
				SWIFT_VERSION = 5.0;
				TARGETED_DEVICE_FAMILY = "1,2";
			};
			name = Release;
		};
/* End XCBuildConfiguration section */

/* Begin XCConfigurationList section */
		DDB9E5952316277700C9DC77 /* Build configuration list for PBXProject "Transform" */ = {
			isa = XCConfigurationList;
			buildConfigurations = (
				DDB9E5AA2316277900C9DC77 /* Debug */,
				DDB9E5AB2316277900C9DC77 /* Release */,
			);
			defaultConfigurationIsVisible = 0;
			defaultConfigurationName = Release;
		};
		DDB9E5AC2316277900C9DC77 /* Build configuration list for PBXNativeTarget "Transform" */ = {
			isa = XCConfigurationList;
			buildConfigurations = (
				DDB9E5AD2316277900C9DC77 /* Debug */,
				DDB9E5AE2316277900C9DC77 /* Release */,
			);
			defaultConfigurationIsVisible = 0;
			defaultConfigurationName = Release;
		};
/* End XCConfigurationList section */
	};
	rootObject = DDB9E5922316277700C9DC77 /* Project object */;
}
